schema: '2.0'
stages:
  data_ingestion:
    cmd: python src/data/data_ingestion.py
    deps:
    - path: src/data/data_ingestion.py
      hash: md5
      md5: b342475f17601a4506544c3c23051826
      size: 3411
    params:
      params.yaml:
        data_ingestion.test_size: 0.2
    outs:
    - path: data/raw
      hash: md5
      md5: e8e5797e94ed1b03b63afddd0ff1e279.dir
      size: 887224
      nfiles: 2
  data_preprocessing:
    cmd: python src/data/data_preprocessing.py
    deps:
    - path: data/raw
      hash: md5
      md5: e8e5797e94ed1b03b63afddd0ff1e279.dir
      size: 887224
      nfiles: 2
    - path: src/data/data_preprocessing.py
      hash: md5
      md5: 354f4ceeef5f85e4ead2fad120cc6a94
      size: 4261
    outs:
    - path: data/processed
      hash: md5
      md5: e314cd6eb3597ac12939584bf9afff3e.dir
      size: 681409
      nfiles: 2
  feature_engineering:
    cmd: python src/features/feature_engineering.py
    deps:
    - path: data/processed
      hash: md5
      md5: e314cd6eb3597ac12939584bf9afff3e.dir
      size: 681409
      nfiles: 2
    - path: src/features/feature_engineering.py
      hash: md5
      md5: 209b71084cb8a862d3f0d44f03b0d74b
      size: 2874
    outs:
    - path: data/feature_eng
      hash: md5
      md5: 0591538df7411b028b2301ca2d188dda.dir
      size: 288368
      nfiles: 2
  model_training:
    cmd: python src/models/train_model.py
    deps:
    - path: data/feature_eng
      hash: md5
      md5: 0591538df7411b028b2301ca2d188dda.dir
      size: 288368
      nfiles: 2
    - path: src/models/train_model.py
      hash: md5
      md5: 002f76f3dcc32984b1f6226c3c62a9f6
      size: 2455
    outs:
    - path: models/
      hash: md5
      md5: a119fb81eb375dbad4d7e164faa86b2d.dir
      size: 231746
      nfiles: 1
  model_evaluation:
    cmd: python .\src\models\model_evaluation.py
    deps:
    - path: .\models\model.pkl
      hash: md5
      md5: e002d2213401bd84f21c8e5e515421e8
      size: 231746
    - path: .\src\models\model_evaluation.py
      hash: md5
      md5: dd7259e014e63d7ae38e1423c14ad23b
      size: 1925
    - path: .\src\models\train_model.py
      hash: md5
      md5: 002f76f3dcc32984b1f6226c3c62a9f6
      size: 2455
